
Microsoft Visual Studio Solution File, Format Version 12.00
Project("{FAE04EC0-301F-11D3-BF4B-00C04F79EFBC}") = "GumballMachine", "GumballMachine\GumballMachine.csproj", "{C7EE7B49-E259-42ED-AC0F-E60D39975D3E}"
EndProject
Project("{FAE04EC0-301F-11D3-BF4B-00C04F79EFBC}") = "GumballMachine.Tests", "GumballMachine.Tests\GumballMachine.Tests.csproj", "{77A7E8F4-C33F-475F-B5D0-93DA507EFC0D}"
EndProject
Global
	GlobalSection(SolutionConfigurationPlatforms) = preSolution
		Debug|Any CPU = Debug|Any CPU
		Release|Any CPU = Release|Any CPU
	EndGlobalSection
	GlobalSection(ProjectConfigurationPlatforms) = postSolution
		{C7EE7B49-E259-42ED-AC0F-E60D39975D3E}.Debug|Any CPU.ActiveCfg = Debug|Any CPU
		{C7EE7B49-E259-42ED-AC0F-E60D39975D3E}.Debug|Any CPU.Build.0 = Debug|Any CPU
		{C7EE7B49-E259-42ED-AC0F-E60D39975D3E}.Release|Any CPU.ActiveCfg = Release|Any CPU
		{C7EE7B49-E259-42ED-AC0F-E60D39975D3E}.Release|Any CPU.Build.0 = Release|Any CPU
		{77A7E8F4-C33F-475F-B5D0-93DA507EFC0D}.Debug|Any CPU.ActiveCfg = Debug|Any CPU
		{77A7E8F4-C33F-475F-B5D0-93DA507EFC0D}.Debug|Any CPU.Build.0 = Debug|Any CPU
		{77A7E8F4-C33F-475F-B5D0-93DA507EFC0D}.Release|Any CPU.ActiveCfg = Release|Any CPU
		{77A7E8F4-C33F-475F-B5D0-93DA507EFC0D}.Release|Any CPU.Build.0 = Release|Any CPU
	EndGlobalSection
EndGlobal
