
Microsoft Visual Studio Solution File, Format Version 12.00
Project("{FAE04EC0-301F-11D3-BF4B-00C04F79EFBC}") = "WeatherStation", "WeatherStation\WeatherStation.csproj", "{7FDA5C22-4CC7-4647-8B07-0A6616C16DDB}"
EndProject
Project("{FAE04EC0-301F-11D3-BF4B-00C04F79EFBC}") = "WeatherStationTests", "WeatherStationTests\WeatherStationTests.csproj", "{5ECC7DFC-EEF2-4DB1-B4AC-7EC5DF1AB467}"
EndProject
Global
	GlobalSection(SolutionConfigurationPlatforms) = preSolution
		Debug|Any CPU = Debug|Any CPU
		Release|Any CPU = Release|Any CPU
	EndGlobalSection
	GlobalSection(ProjectConfigurationPlatforms) = postSolution
		{7FDA5C22-4CC7-4647-8B07-0A6616C16DDB}.Debug|Any CPU.ActiveCfg = Debug|Any CPU
		{7FDA5C22-4CC7-4647-8B07-0A6616C16DDB}.Debug|Any CPU.Build.0 = Debug|Any CPU
		{7FDA5C22-4CC7-4647-8B07-0A6616C16DDB}.Release|Any CPU.ActiveCfg = Release|Any CPU
		{7FDA5C22-4CC7-4647-8B07-0A6616C16DDB}.Release|Any CPU.Build.0 = Release|Any CPU
		{5ECC7DFC-EEF2-4DB1-B4AC-7EC5DF1AB467}.Debug|Any CPU.ActiveCfg = Debug|Any CPU
		{5ECC7DFC-EEF2-4DB1-B4AC-7EC5DF1AB467}.Debug|Any CPU.Build.0 = Debug|Any CPU
		{5ECC7DFC-EEF2-4DB1-B4AC-7EC5DF1AB467}.Release|Any CPU.ActiveCfg = Release|Any CPU
		{5ECC7DFC-EEF2-4DB1-B4AC-7EC5DF1AB467}.Release|Any CPU.Build.0 = Release|Any CPU
	EndGlobalSection
EndGlobal
