
Microsoft Visual Studio Solution File, Format Version 12.00
Project("{FAE04EC0-301F-11D3-BF4B-00C04F79EFBC}") = "Ducks", "Ducks\Ducks.csproj", "{B04DF18C-01A8-4013-A7DE-2903AC210758}"
EndProject
Project("{FAE04EC0-301F-11D3-BF4B-00C04F79EFBC}") = "Ducks.Tests", "Ducks.Tests\Ducks.Tests.csproj", "{B6AB3FE2-4DBF-4D36-8A2B-3873223E48A2}"
EndProject
Global
	GlobalSection(SolutionConfigurationPlatforms) = preSolution
		Debug|Any CPU = Debug|Any CPU
		Release|Any CPU = Release|Any CPU
	EndGlobalSection
	GlobalSection(ProjectConfigurationPlatforms) = postSolution
		{B04DF18C-01A8-4013-A7DE-2903AC210758}.Debug|Any CPU.ActiveCfg = Debug|Any CPU
		{B04DF18C-01A8-4013-A7DE-2903AC210758}.Debug|Any CPU.Build.0 = Debug|Any CPU
		{B04DF18C-01A8-4013-A7DE-2903AC210758}.Release|Any CPU.ActiveCfg = Release|Any CPU
		{B04DF18C-01A8-4013-A7DE-2903AC210758}.Release|Any CPU.Build.0 = Release|Any CPU
		{B6AB3FE2-4DBF-4D36-8A2B-3873223E48A2}.Debug|Any CPU.ActiveCfg = Debug|Any CPU
		{B6AB3FE2-4DBF-4D36-8A2B-3873223E48A2}.Debug|Any CPU.Build.0 = Debug|Any CPU
		{B6AB3FE2-4DBF-4D36-8A2B-3873223E48A2}.Release|Any CPU.ActiveCfg = Release|Any CPU
		{B6AB3FE2-4DBF-4D36-8A2B-3873223E48A2}.Release|Any CPU.Build.0 = Release|Any CPU
	EndGlobalSection
EndGlobal
